
Microsoft Visual Studio Solution File, Format Version 12.00
# Visual Studio 15
VisualStudioVersion = 15.0.28307.136
MinimumVisualStudioVersion = 10.0.40219.1
Project("{FAE04EC0-301F-11D3-BF4B-00C04F79EFBC}") = "Hangfire.Dashboard.Dark.Core", "Hangfire.Dashboard.Dark.Core\Hangfire.Dashboard.Dark.Core.csproj", "{8D9E3DF0-E71E-4DFD-8611-9DF0A5FDE87D}"
EndProject
Global
	GlobalSection(SolutionConfigurationPlatforms) = preSolution
		Debug|Any CPU = Debug|Any CPU
		Release|Any CPU = Release|Any CPU
	EndGlobalSection
	GlobalSection(ProjectConfigurationPlatforms) = postSolution
		{8D9E3DF0-E71E-4DFD-8611-9DF0A5FDE87D}.Debug|Any CPU.ActiveCfg = Debug|Any CPU
		{8D9E3DF0-E71E-4DFD-8611-9DF0A5FDE87D}.Debug|Any CPU.Build.0 = Debug|Any CPU
		{8D9E3DF0-E71E-4DFD-8611-9DF0A5FDE87D}.Release|Any CPU.ActiveCfg = Release|Any CPU
		{8D9E3DF0-E71E-4DFD-8611-9DF0A5FDE87D}.Release|Any CPU.Build.0 = Release|Any CPU
	EndGlobalSection
	GlobalSection(SolutionProperties) = preSolution
		HideSolutionNode = FALSE
	EndGlobalSection
	GlobalSection(ExtensibilityGlobals) = postSolution
		SolutionGuid = {60E658AF-C081-4236-9C79-DAE3ED08BE3A}
	EndGlobalSection
EndGlobal
